
Microsoft Visual Studio Solution File, Format Version 12.00
# Visual Studio Version 16
VisualStudioVersion = 16.0.32510.428
MinimumVisualStudioVersion = 10.0.40219.1
Project("{9A19103F-16F7-4668-BE54-9A1E7A4F7556}") = "Banco", "Banco\Banco.csproj", "{51A6147E-B785-4194-B505-914624EA878B}"
EndProject
Global
	GlobalSection(SolutionConfigurationPlatforms) = preSolution
		Debug|Any CPU = Debug|Any CPU
		Release|Any CPU = Release|Any CPU
	EndGlobalSection
	GlobalSection(ProjectConfigurationPlatforms) = postSolution
		{51A6147E-B785-4194-B505-914624EA878B}.Debug|Any CPU.ActiveCfg = Debug|Any CPU
		{51A6147E-B785-4194-B505-914624EA878B}.Debug|Any CPU.Build.0 = Debug|Any CPU
		{51A6147E-B785-4194-B505-914624EA878B}.Release|Any CPU.ActiveCfg = Release|Any CPU
		{51A6147E-B785-4194-B505-914624EA878B}.Release|Any CPU.Build.0 = Release|Any CPU
	EndGlobalSection
	GlobalSection(SolutionProperties) = preSolution
		HideSolutionNode = FALSE
	EndGlobalSection
	GlobalSection(ExtensibilityGlobals) = postSolution
		SolutionGuid = {EAFE9231-0EC1-44C3-B254-DCF520ACE33C}
	EndGlobalSection
EndGlobal
