
Microsoft Visual Studio Solution File, Format Version 12.00
# Visual Studio Version 16
VisualStudioVersion = 16.0.32510.428
MinimumVisualStudioVersion = 10.0.40219.1
Project("{FAE04EC0-301F-11D3-BF4B-00C04F79EFBC}") = "List1", "List1\List1.csproj", "{0FFD5933-3E8D-4379-86F4-F70DB4C4CEEC}"
EndProject
Global
	GlobalSection(SolutionConfigurationPlatforms) = preSolution
		Debug|Any CPU = Debug|Any CPU
		Release|Any CPU = Release|Any CPU
	EndGlobalSection
	GlobalSection(ProjectConfigurationPlatforms) = postSolution
		{0FFD5933-3E8D-4379-86F4-F70DB4C4CEEC}.Debug|Any CPU.ActiveCfg = Debug|Any CPU
		{0FFD5933-3E8D-4379-86F4-F70DB4C4CEEC}.Debug|Any CPU.Build.0 = Debug|Any CPU
		{0FFD5933-3E8D-4379-86F4-F70DB4C4CEEC}.Release|Any CPU.ActiveCfg = Release|Any CPU
		{0FFD5933-3E8D-4379-86F4-F70DB4C4CEEC}.Release|Any CPU.Build.0 = Release|Any CPU
	EndGlobalSection
	GlobalSection(SolutionProperties) = preSolution
		HideSolutionNode = FALSE
	EndGlobalSection
	GlobalSection(ExtensibilityGlobals) = postSolution
		SolutionGuid = {D07C7558-DF68-4436-9CA4-434AA4D87818}
	EndGlobalSection
EndGlobal
