
Microsoft Visual Studio Solution File, Format Version 12.00
# Visual Studio Version 16
VisualStudioVersion = 16.0.32510.428
MinimumVisualStudioVersion = 10.0.40219.1
Project("{FAE04EC0-301F-11D3-BF4B-00C04F79EFBC}") = "switch-case", "switch-case\switch-case.csproj", "{95F2E904-D812-457F-8573-F86421ABDD1B}"
EndProject
Global
	GlobalSection(SolutionConfigurationPlatforms) = preSolution
		Debug|Any CPU = Debug|Any CPU
		Release|Any CPU = Release|Any CPU
	EndGlobalSection
	GlobalSection(ProjectConfigurationPlatforms) = postSolution
		{95F2E904-D812-457F-8573-F86421ABDD1B}.Debug|Any CPU.ActiveCfg = Debug|Any CPU
		{95F2E904-D812-457F-8573-F86421ABDD1B}.Debug|Any CPU.Build.0 = Debug|Any CPU
		{95F2E904-D812-457F-8573-F86421ABDD1B}.Release|Any CPU.ActiveCfg = Release|Any CPU
		{95F2E904-D812-457F-8573-F86421ABDD1B}.Release|Any CPU.Build.0 = Release|Any CPU
	EndGlobalSection
	GlobalSection(SolutionProperties) = preSolution
		HideSolutionNode = FALSE
	EndGlobalSection
	GlobalSection(ExtensibilityGlobals) = postSolution
		SolutionGuid = {3AA98761-0BF6-4193-9A07-87ABD8619F30}
	EndGlobalSection
EndGlobal
