
Microsoft Visual Studio Solution File, Format Version 12.00
# Visual Studio Version 16
VisualStudioVersion = 16.0.32510.428
MinimumVisualStudioVersion = 10.0.40219.1
Project("{FAE04EC0-301F-11D3-BF4B-00C04F79EFBC}") = "time-span", "time-span\time-span.csproj", "{28DBF653-4370-4993-80F1-704668267E45}"
EndProject
Global
	GlobalSection(SolutionConfigurationPlatforms) = preSolution
		Debug|Any CPU = Debug|Any CPU
		Release|Any CPU = Release|Any CPU
	EndGlobalSection
	GlobalSection(ProjectConfigurationPlatforms) = postSolution
		{28DBF653-4370-4993-80F1-704668267E45}.Debug|Any CPU.ActiveCfg = Debug|Any CPU
		{28DBF653-4370-4993-80F1-704668267E45}.Debug|Any CPU.Build.0 = Debug|Any CPU
		{28DBF653-4370-4993-80F1-704668267E45}.Release|Any CPU.ActiveCfg = Release|Any CPU
		{28DBF653-4370-4993-80F1-704668267E45}.Release|Any CPU.Build.0 = Release|Any CPU
	EndGlobalSection
	GlobalSection(SolutionProperties) = preSolution
		HideSolutionNode = FALSE
	EndGlobalSection
	GlobalSection(ExtensibilityGlobals) = postSolution
		SolutionGuid = {97220904-EA6D-4C1F-B969-9C9A25D52721}
	EndGlobalSection
EndGlobal
