
Microsoft Visual Studio Solution File, Format Version 12.00
# Visual Studio Version 16
VisualStudioVersion = 16.0.32510.428
MinimumVisualStudioVersion = 10.0.40219.1
Project("{FAE04EC0-301F-11D3-BF4B-00C04F79EFBC}") = "condicional-ternaria", "condicional-ternaria\condicional-ternaria.csproj", "{D6083678-B2FE-4226-90F8-17224D9ACBBF}"
EndProject
Global
	GlobalSection(SolutionConfigurationPlatforms) = preSolution
		Debug|Any CPU = Debug|Any CPU
		Release|Any CPU = Release|Any CPU
	EndGlobalSection
	GlobalSection(ProjectConfigurationPlatforms) = postSolution
		{D6083678-B2FE-4226-90F8-17224D9ACBBF}.Debug|Any CPU.ActiveCfg = Debug|Any CPU
		{D6083678-B2FE-4226-90F8-17224D9ACBBF}.Debug|Any CPU.Build.0 = Debug|Any CPU
		{D6083678-B2FE-4226-90F8-17224D9ACBBF}.Release|Any CPU.ActiveCfg = Release|Any CPU
		{D6083678-B2FE-4226-90F8-17224D9ACBBF}.Release|Any CPU.Build.0 = Release|Any CPU
	EndGlobalSection
	GlobalSection(SolutionProperties) = preSolution
		HideSolutionNode = FALSE
	EndGlobalSection
	GlobalSection(ExtensibilityGlobals) = postSolution
		SolutionGuid = {D3FAAB3E-EAA0-41EF-96F4-C48ED5DF85E4}
	EndGlobalSection
EndGlobal
